
Microsoft Visual Studio Solution File, Format Version 12.00
# Visual Studio Version 17
VisualStudioVersion = 17.11.35303.130
MinimumVisualStudioVersion = 10.0.40219.1
Project("{FAE04EC0-301F-11D3-BF4B-00C04F79EFBC}") = "Drink", "Drink\Drink.csproj", "{5039671B-54F1-4604-9B1D-8F5CC4DA3361}"
EndProject
Global
	GlobalSection(SolutionConfigurationPlatforms) = preSolution
		Debug|Any CPU = Debug|Any CPU
		Release|Any CPU = Release|Any CPU
	EndGlobalSection
	GlobalSection(ProjectConfigurationPlatforms) = postSolution
		{5039671B-54F1-4604-9B1D-8F5CC4DA3361}.Debug|Any CPU.ActiveCfg = Debug|Any CPU
		{5039671B-54F1-4604-9B1D-8F5CC4DA3361}.Debug|Any CPU.Build.0 = Debug|Any CPU
		{5039671B-54F1-4604-9B1D-8F5CC4DA3361}.Release|Any CPU.ActiveCfg = Release|Any CPU
		{5039671B-54F1-4604-9B1D-8F5CC4DA3361}.Release|Any CPU.Build.0 = Release|Any CPU
	EndGlobalSection
	GlobalSection(SolutionProperties) = preSolution
		HideSolutionNode = FALSE
	EndGlobalSection
	GlobalSection(ExtensibilityGlobals) = postSolution
		SolutionGuid = {769C02BE-85F6-477A-9BA7-C49256110BB2}
	EndGlobalSection
EndGlobal
